hash: d0f43f812a18bfa1f7490f400166b9116e3021f8f77e723dd0a5901a6745e0b9
updated: 2017-08-03T15:10:56.086707616-07:00
imports:
- name: github.com/anmitsu/go-shlex
  version: 648efa622239a2f6ff949fed78ee37b48d499ba4
- name: github.com/fatih/structtag
  version: da3d9ab5b78fdc25d3a7614853b085200bd10da9
- name: github.com/golang/mock
  version: 13f360950a79f5864a972c786a10a50e44b69541
  subpackages:
  - gomock
- name: github.com/jessevdk/go-flags
  version: 6cf8f02b4ae8ba723ddc64dcfd403e530c06d927
- name: github.com/kr/pretty
  version: cfb55aafdaf3ec08f0db22699ab822c50091b1c4
- name: github.com/kr/text
  version: 7cafcd837844e784b526369c9bce262804aebc60
- name: go.uber.org/atomic
  version: 4e336646b2ef9fc6e47be8e21594178f98e5ebcf
- name: go.uber.org/multierr
  version: a3d1fc1f1316d4132fc61f4ea1159ae0613fb474
- name: golang.org/x/tools
  version: 4e70a1b26a7875f00ca1916637a876b5ffaeec59
  subpackages:
  - go/ast/astutil
testImports:
- name: github.com/davecgh/go-spew
  version: adab96458c51a58dc1783b3335dcce5461522e75
  subpackages:
  - spew
- name: github.com/pmezard/go-difflib
  version: 792786c7400a136282c1664665ae0a8db921c6c2
  subpackages:
  - difflib
- name: github.com/stretchr/testify
  version: 05e8a0eda380579888eb53c394909df027f06991
  subpackages:
  - assert
  - require
