hash: 26c2c55ca402d6605deed8219389876b6207f46109135620b0f6ec7f84ca1a84
updated: 2018-06-21T11:49:25.041962-07:00
imports:
- name: github.com/anmitsu/go-shlex
  version: 648efa622239a2f6ff949fed78ee37b48d499ba4
- name: github.com/fatih/structtag
  version: da3d9ab5b78fdc25d3a7614853b085200bd10da9
- name: github.com/jessevdk/go-flags
  version: 6cf8f02b4ae8ba723ddc64dcfd403e530c06d927
- name: github.com/kr/pretty
  version: cfb55aafdaf3ec08f0db22699ab822c50091b1c4
- name: github.com/kr/text
  version: 7cafcd837844e784b526369c9bce262804aebc60
- name: go.uber.org/atomic
  version: 1ea20fb1cbb1cc08cbd0d913a96dead89aa18289
- name: go.uber.org/multierr
  version: 3c4937480c32f4c13a875a1829af76c98ca3d40a
- name: golang.org/x/tools
  version: 4e70a1b26a7875f00ca1916637a876b5ffaeec59
  subpackages:
  - go/ast/astutil
testImports:
- name: github.com/golang/mock
  version: ""
  subpackages:
  - gomock
- name: github.com/stretchr/testify
  version: ""
